
Microsoft Visual Studio Solution File, Format Version 12.00
# Visual Studio Version 17
VisualStudioVersion = 17.1.32407.343
MinimumVisualStudioVersion = 10.0.40219.1
Project("{FAE04EC0-301F-11D3-BF4B-00C04F79EFBC}") = "back", "back\back.csproj", "{6C2894AA-BEC9-4A9F-B1A6-C76955D66C48}"
EndProject
Global
	GlobalSection(SolutionConfigurationPlatforms) = preSolution
		Debug|Any CPU = Debug|Any CPU
		Release|Any CPU = Release|Any CPU
	EndGlobalSection
	GlobalSection(ProjectConfigurationPlatforms) = postSolution
		{6C2894AA-BEC9-4A9F-B1A6-C76955D66C48}.Debug|Any CPU.ActiveCfg = Debug|Any CPU
		{6C2894AA-BEC9-4A9F-B1A6-C76955D66C48}.Debug|Any CPU.Build.0 = Debug|Any CPU
		{6C2894AA-BEC9-4A9F-B1A6-C76955D66C48}.Release|Any CPU.ActiveCfg = Release|Any CPU
		{6C2894AA-BEC9-4A9F-B1A6-C76955D66C48}.Release|Any CPU.Build.0 = Release|Any CPU
	EndGlobalSection
	GlobalSection(SolutionProperties) = preSolution
		HideSolutionNode = FALSE
	EndGlobalSection
	GlobalSection(ExtensibilityGlobals) = postSolution
		SolutionGuid = {2A2F734D-A97C-4D25-A2F3-74B4C01AAEE2}
	EndGlobalSection
EndGlobal
